<?xml version="1.0" encoding="utf-8"?>
<Project ToolsVersion="4.0" xmlns="http://schemas.microsoft.com/developer/msbuild/2003">
  <ItemGroup>
    <Filter Include="Source Files">
      <UniqueIdentifier>{4FC737F1-C7A5-4376-A066-2A32D752A2FF}</UniqueIdentifier>
      <Extensions>cpp;c;cc;cxx;def;odl;idl;hpj;bat;asm;asmx</Extensions>
    </Filter>
    <Filter Include="Header Files">
      <UniqueIdentifier>{93995380-89BD-4b04-88EB-625FBE52EBFB}</UniqueIdentifier>
      <Extensions>h;hpp;hxx;hm;inl;inc;xsd</Extensions>
    </Filter>
    <Filter Include="Resource Files">
      <UniqueIdentifier>{67DA6AB6-F800-4c08-8B7A-83BB121AAD01}</UniqueIdentifier>
      <Extensions>rc;ico;cur;bmp;dlg;rc2;rct;bin;rgs;gif;jpg;jpeg;jpe;resx;tiff;tif;png;wav</Extensions>
    </Filter>
  </ItemGroup>
  <ItemGroup>
    <ClCompile Include="..\..\pyvshadow\pyvshadow.c">
      <Filter>Source Files</Filter>
    </ClCompile>
    <ClCompile Include="..\..\pyvshadow\pyvshadow_block.c">
      <Filter>Source Files</Filter>
    </ClCompile>
    <ClCompile Include="..\..\pyvshadow\pyvshadow_block_flags.c">
      <Filter>Source Files</Filter>
    </ClCompile>
    <ClCompile Include="..\..\pyvshadow\pyvshadow_blocks.c">
      <Filter>Source Files</Filter>
    </ClCompile>
    <ClCompile Include="..\..\pyvshadow\pyvshadow_datetime.c">
      <Filter>Source Files</Filter>
    </ClCompile>
    <ClCompile Include="..\..\pyvshadow\pyvshadow_error.c">
      <Filter>Source Files</Filter>
    </ClCompile>
    <ClCompile Include="..\..\pyvshadow\pyvshadow_file_object_io_handle.c">
      <Filter>Source Files</Filter>
    </ClCompile>
    <ClCompile Include="..\..\pyvshadow\pyvshadow_guid.c">
      <Filter>Source Files</Filter>
    </ClCompile>
    <ClCompile Include="..\..\pyvshadow\pyvshadow_integer.c">
      <Filter>Source Files</Filter>
    </ClCompile>
    <ClCompile Include="..\..\pyvshadow\pyvshadow_store.c">
      <Filter>Source Files</Filter>
    </ClCompile>
    <ClCompile Include="..\..\pyvshadow\pyvshadow_stores.c">
      <Filter>Source Files</Filter>
    </ClCompile>
    <ClCompile Include="..\..\pyvshadow\pyvshadow_volume.c">
      <Filter>Source Files</Filter>
    </ClCompile>
  </ItemGroup>
  <ItemGroup>
    <ClInclude Include="..\..\pyvshadow\pyvshadow.h">
      <Filter>Header Files</Filter>
    </ClInclude>
    <ClInclude Include="..\..\pyvshadow\pyvshadow_block.h">
      <Filter>Header Files</Filter>
    </ClInclude>
    <ClInclude Include="..\..\pyvshadow\pyvshadow_block_flags.h">
      <Filter>Header Files</Filter>
    </ClInclude>
    <ClInclude Include="..\..\pyvshadow\pyvshadow_blocks.h">
      <Filter>Header Files</Filter>
    </ClInclude>
    <ClInclude Include="..\..\pyvshadow\pyvshadow_datetime.h">
      <Filter>Header Files</Filter>
    </ClInclude>
    <ClInclude Include="..\..\pyvshadow\pyvshadow_error.h">
      <Filter>Header Files</Filter>
    </ClInclude>
    <ClInclude Include="..\..\pyvshadow\pyvshadow_file_object_io_handle.h">
      <Filter>Header Files</Filter>
    </ClInclude>
    <ClInclude Include="..\..\pyvshadow\pyvshadow_guid.h">
      <Filter>Header Files</Filter>
    </ClInclude>
    <ClInclude Include="..\..\pyvshadow\pyvshadow_integer.h">
      <Filter>Header Files</Filter>
    </ClInclude>
    <ClInclude Include="..\..\pyvshadow\pyvshadow_libbfio.h">
      <Filter>Header Files</Filter>
    </ClInclude>
    <ClInclude Include="..\..\pyvshadow\pyvshadow_libcerror.h">
      <Filter>Header Files</Filter>
    </ClInclude>
    <ClInclude Include="..\..\pyvshadow\pyvshadow_libclocale.h">
      <Filter>Header Files</Filter>
    </ClInclude>
    <ClInclude Include="..\..\pyvshadow\pyvshadow_libfguid.h">
      <Filter>Header Files</Filter>
    </ClInclude>
    <ClInclude Include="..\..\pyvshadow\pyvshadow_libvshadow.h">
      <Filter>Header Files</Filter>
    </ClInclude>
    <ClInclude Include="..\..\pyvshadow\pyvshadow_python.h">
      <Filter>Header Files</Filter>
    </ClInclude>
    <ClInclude Include="..\..\pyvshadow\pyvshadow_store.h">
      <Filter>Header Files</Filter>
    </ClInclude>
    <ClInclude Include="..\..\pyvshadow\pyvshadow_stores.h">
      <Filter>Header Files</Filter>
    </ClInclude>
    <ClInclude Include="..\..\pyvshadow\pyvshadow_unused.h">
      <Filter>Header Files</Filter>
    </ClInclude>
    <ClInclude Include="..\..\pyvshadow\pyvshadow_volume.h">
      <Filter>Header Files</Filter>
    </ClInclude>
  </ItemGroup>
</Project>